
Microsoft Visual Studio Solution File, Format Version 12.00
# Visual Studio Version 16
VisualStudioVersion = 16.0.31515.178
MinimumVisualStudioVersion = 10.0.40219.1
Project("{FAE04EC0-301F-11D3-BF4B-00C04F79EFBC}") = "EnsGlobal.DAL", "EnsGlobal.DAL\EnsGlobal.DAL.csproj", "{76D338E1-E6CB-49D7-AADA-26471905FBA7}"
EndProject
Project("{FAE04EC0-301F-11D3-BF4B-00C04F79EFBC}") = "EnsGlobal.API", "EnsGlobal.API\EnsGlobal.API.csproj", "{5B3D60FD-6D11-4F78-A2FF-5ABF361F6DC6}"
EndProject
Project("{FAE04EC0-301F-11D3-BF4B-00C04F79EFBC}") = "EnsGlobal.FORM", "EnsGlobal.FORM\EnsGlobal.FORM.csproj", "{56F3910D-6E44-4B10-94AE-9DD01CA73DD5}"
EndProject
Global
	GlobalSection(SolutionConfigurationPlatforms) = preSolution
		Debug|Any CPU = Debug|Any CPU
		Release|Any CPU = Release|Any CPU
	EndGlobalSection
	GlobalSection(ProjectConfigurationPlatforms) = postSolution
		{76D338E1-E6CB-49D7-AADA-26471905FBA7}.Debug|Any CPU.ActiveCfg = Debug|Any CPU
		{76D338E1-E6CB-49D7-AADA-26471905FBA7}.Debug|Any CPU.Build.0 = Debug|Any CPU
		{76D338E1-E6CB-49D7-AADA-26471905FBA7}.Release|Any CPU.ActiveCfg = Release|Any CPU
		{76D338E1-E6CB-49D7-AADA-26471905FBA7}.Release|Any CPU.Build.0 = Release|Any CPU
		{5B3D60FD-6D11-4F78-A2FF-5ABF361F6DC6}.Debug|Any CPU.ActiveCfg = Debug|Any CPU
		{5B3D60FD-6D11-4F78-A2FF-5ABF361F6DC6}.Debug|Any CPU.Build.0 = Debug|Any CPU
		{5B3D60FD-6D11-4F78-A2FF-5ABF361F6DC6}.Release|Any CPU.ActiveCfg = Release|Any CPU
		{5B3D60FD-6D11-4F78-A2FF-5ABF361F6DC6}.Release|Any CPU.Build.0 = Release|Any CPU
		{56F3910D-6E44-4B10-94AE-9DD01CA73DD5}.Debug|Any CPU.ActiveCfg = Debug|Any CPU
		{56F3910D-6E44-4B10-94AE-9DD01CA73DD5}.Debug|Any CPU.Build.0 = Debug|Any CPU
		{56F3910D-6E44-4B10-94AE-9DD01CA73DD5}.Release|Any CPU.ActiveCfg = Release|Any CPU
		{56F3910D-6E44-4B10-94AE-9DD01CA73DD5}.Release|Any CPU.Build.0 = Release|Any CPU
	EndGlobalSection
	GlobalSection(SolutionProperties) = preSolution
		HideSolutionNode = FALSE
	EndGlobalSection
	GlobalSection(ExtensibilityGlobals) = postSolution
		SolutionGuid = {D488A1F7-630F-436C-9D65-42390257D4B3}
	EndGlobalSection
EndGlobal
