
Microsoft Visual Studio Solution File, Format Version 12.00
# Visual Studio 15
VisualStudioVersion = 15.0.28307.1525
MinimumVisualStudioVersion = 10.0.40219.1
Project("{FAE04EC0-301F-11D3-BF4B-00C04F79EFBC}") = "EnsGlobal.DAL", "EnsGlobal.DAL\EnsGlobal.DAL.csproj", "{6F67B080-1F6F-4DA4-BA7C-966A5203A6A8}"
EndProject
Project("{FAE04EC0-301F-11D3-BF4B-00C04F79EFBC}") = "EnsGlobal.API", "EnsGlobal.API\EnsGlobal.API.csproj", "{D47A15CC-28DD-4B40-B9F2-F27EFAF6352F}"
EndProject
Global
	GlobalSection(SolutionConfigurationPlatforms) = preSolution
		Debug|Any CPU = Debug|Any CPU
		Release|Any CPU = Release|Any CPU
	EndGlobalSection
	GlobalSection(ProjectConfigurationPlatforms) = postSolution
		{6F67B080-1F6F-4DA4-BA7C-966A5203A6A8}.Debug|Any CPU.ActiveCfg = Debug|Any CPU
		{6F67B080-1F6F-4DA4-BA7C-966A5203A6A8}.Debug|Any CPU.Build.0 = Debug|Any CPU
		{6F67B080-1F6F-4DA4-BA7C-966A5203A6A8}.Release|Any CPU.ActiveCfg = Release|Any CPU
		{6F67B080-1F6F-4DA4-BA7C-966A5203A6A8}.Release|Any CPU.Build.0 = Release|Any CPU
		{D47A15CC-28DD-4B40-B9F2-F27EFAF6352F}.Debug|Any CPU.ActiveCfg = Debug|Any CPU
		{D47A15CC-28DD-4B40-B9F2-F27EFAF6352F}.Debug|Any CPU.Build.0 = Debug|Any CPU
		{D47A15CC-28DD-4B40-B9F2-F27EFAF6352F}.Release|Any CPU.ActiveCfg = Release|Any CPU
		{D47A15CC-28DD-4B40-B9F2-F27EFAF6352F}.Release|Any CPU.Build.0 = Release|Any CPU
	EndGlobalSection
	GlobalSection(SolutionProperties) = preSolution
		HideSolutionNode = FALSE
	EndGlobalSection
	GlobalSection(ExtensibilityGlobals) = postSolution
		SolutionGuid = {8C7B44B6-588A-407E-A1C5-718F9AE91869}
	EndGlobalSection
EndGlobal
